
Microsoft Visual Studio Solution File, Format Version 12.00
# Visual Studio Version 16
VisualStudioVersion = 16.0.31019.35
MinimumVisualStudioVersion = 10.0.40219.1
Project("{9A19103F-16F7-4668-BE54-9A1E7A4F7556}") = "RcloneFileWatcherCore", "RcloneFileWatcherCore\RcloneFileWatcherCore.csproj", "{D52C5A6D-138D-4B08-A5B4-EB3BFD10A804}"
EndProject
Global
	GlobalSection(SolutionConfigurationPlatforms) = preSolution
		Debug|Any CPU = Debug|Any CPU
		Release|Any CPU = Release|Any CPU
	EndGlobalSection
	GlobalSection(ProjectConfigurationPlatforms) = postSolution
		{D52C5A6D-138D-4B08-A5B4-EB3BFD10A804}.Debug|Any CPU.ActiveCfg = Debug|Any CPU
		{D52C5A6D-138D-4B08-A5B4-EB3BFD10A804}.Debug|Any CPU.Build.0 = Debug|Any CPU
		{D52C5A6D-138D-4B08-A5B4-EB3BFD10A804}.Release|Any CPU.ActiveCfg = Release|Any CPU
		{D52C5A6D-138D-4B08-A5B4-EB3BFD10A804}.Release|Any CPU.Build.0 = Release|Any CPU
	EndGlobalSection
	GlobalSection(SolutionProperties) = preSolution
		HideSolutionNode = FALSE
	EndGlobalSection
	GlobalSection(ExtensibilityGlobals) = postSolution
		SolutionGuid = {529F360C-5AB6-4D77-8B1E-6A450695621B}
	EndGlobalSection
EndGlobal
